
Microsoft Visual Studio Solution File, Format Version 12.00
# Visual Studio Version 17
VisualStudioVersion = 17.10.35013.160
MinimumVisualStudioVersion = 10.0.40219.1
Project("{9A19103F-16F7-4668-BE54-9A1E7A4F7556}") = "eCommerce.API", "eCommerce.API\eCommerce.API.csproj", "{13709091-0CC7-492E-A5E7-8AFEC6A19687}"
EndProject
Project("{9A19103F-16F7-4668-BE54-9A1E7A4F7556}") = "eCommerce.Core", "eCommerce.Core\eCommerce.Core.csproj", "{48077B6D-0FB3-4B66-971A-F6AA4A73A905}"
EndProject
Project("{9A19103F-16F7-4668-BE54-9A1E7A4F7556}") = "eCommerce.Infrastructure", "eCommerce.Infrastructure\eCommerce.Infrastructure.csproj", "{D9D7EB0A-44DA-4152-8919-FD1FA94AE2A4}"
EndProject
Global
	GlobalSection(SolutionConfigurationPlatforms) = preSolution
		Debug|Any CPU = Debug|Any CPU
		Release|Any CPU = Release|Any CPU
	EndGlobalSection
	GlobalSection(ProjectConfigurationPlatforms) = postSolution
		{13709091-0CC7-492E-A5E7-8AFEC6A19687}.Debug|Any CPU.ActiveCfg = Debug|Any CPU
		{13709091-0CC7-492E-A5E7-8AFEC6A19687}.Debug|Any CPU.Build.0 = Debug|Any CPU
		{13709091-0CC7-492E-A5E7-8AFEC6A19687}.Release|Any CPU.ActiveCfg = Release|Any CPU
		{13709091-0CC7-492E-A5E7-8AFEC6A19687}.Release|Any CPU.Build.0 = Release|Any CPU
		{48077B6D-0FB3-4B66-971A-F6AA4A73A905}.Debug|Any CPU.ActiveCfg = Debug|Any CPU
		{48077B6D-0FB3-4B66-971A-F6AA4A73A905}.Debug|Any CPU.Build.0 = Debug|Any CPU
		{48077B6D-0FB3-4B66-971A-F6AA4A73A905}.Release|Any CPU.ActiveCfg = Release|Any CPU
		{48077B6D-0FB3-4B66-971A-F6AA4A73A905}.Release|Any CPU.Build.0 = Release|Any CPU
		{D9D7EB0A-44DA-4152-8919-FD1FA94AE2A4}.Debug|Any CPU.ActiveCfg = Debug|Any CPU
		{D9D7EB0A-44DA-4152-8919-FD1FA94AE2A4}.Debug|Any CPU.Build.0 = Debug|Any CPU
		{D9D7EB0A-44DA-4152-8919-FD1FA94AE2A4}.Release|Any CPU.ActiveCfg = Release|Any CPU
		{D9D7EB0A-44DA-4152-8919-FD1FA94AE2A4}.Release|Any CPU.Build.0 = Release|Any CPU
	EndGlobalSection
	GlobalSection(SolutionProperties) = preSolution
		HideSolutionNode = FALSE
	EndGlobalSection
	GlobalSection(ExtensibilityGlobals) = postSolution
		SolutionGuid = {64E0CC4A-AD8C-4819-87A4-D1A511EAFBC1}
	EndGlobalSection
EndGlobal
